Microsoft Visual Studio Solution File, Format Version 9.00
# Visual Studio 2005
Project("{FAE04EC0-301F-11D3-BF4B-00C04F79EFBC}") = "GameFrameworkWizard", "GameFrameworkWizard.csproj", "{B0EC7299-F9C8-46AB-98DA-5ECC1C78639D}"
EndProject
Global
	GlobalSection(SolutionConfigurationPlatforms) = preSolution
		Debug|Any CPU = Debug|Any CPU
		Release|Any CPU = Release|Any CPU
	EndGlobalSection
	GlobalSection(ProjectConfigurationPlatforms) = postSolution
		{B0EC7299-F9C8-46AB-98DA-5ECC1C78639D}.Debug|Any CPU.ActiveCfg = Debug|Any CPU
		{B0EC7299-F9C8-46AB-98DA-5ECC1C78639D}.Debug|Any CPU.Build.0 = Debug|Any CPU
		{B0EC7299-F9C8-46AB-98DA-5ECC1C78639D}.Release|Any CPU.ActiveCfg = Release|Any CPU
		{B0EC7299-F9C8-46AB-98DA-5ECC1C78639D}.Release|Any CPU.Build.0 = Release|Any CPU
	EndGlobalSection
	GlobalSection(SolutionProperties) = preSolution
		HideSolutionNode = FALSE
	EndGlobalSection
EndGlobal
